
Microsoft Visual Studio Solution File, Format Version 12.00
# Visual Studio 15
VisualStudioVersion = 15.0.27130.2024
MinimumVisualStudioVersion = 10.0.40219.1
Project("{FAE04EC0-301F-11D3-BF4B-00C04F79EFBC}") = "Lab5", "Lab5\Lab5.csproj", "{1A9BC242-91D1-4498-B5CA-9BEE15190D49}"
EndProject
Global
	GlobalSection(SolutionConfigurationPlatforms) = preSolution
		Debug|Any CPU = Debug|Any CPU
		Release|Any CPU = Release|Any CPU
	EndGlobalSection
	GlobalSection(ProjectConfigurationPlatforms) = postSolution
		{1A9BC242-91D1-4498-B5CA-9BEE15190D49}.Debug|Any CPU.ActiveCfg = Debug|Any CPU
		{1A9BC242-91D1-4498-B5CA-9BEE15190D49}.Debug|Any CPU.Build.0 = Debug|Any CPU
		{1A9BC242-91D1-4498-B5CA-9BEE15190D49}.Release|Any CPU.ActiveCfg = Release|Any CPU
		{1A9BC242-91D1-4498-B5CA-9BEE15190D49}.Release|Any CPU.Build.0 = Release|Any CPU
	EndGlobalSection
	GlobalSection(SolutionProperties) = preSolution
		HideSolutionNode = FALSE
	EndGlobalSection
	GlobalSection(ExtensibilityGlobals) = postSolution
		SolutionGuid = {17335A9D-6437-465D-937C-8FCA3503E882}
	EndGlobalSection
EndGlobal
